
Microsoft Visual Studio Solution File, Format Version 12.00
# Visual Studio Version 16
VisualStudioVersion = 16.0.29102.190
MinimumVisualStudioVersion = 10.0.40219.1
Project("{FAE04EC0-301F-11D3-BF4B-00C04F79EFBC}") = "LibrarySystem_Main", "LibrarySystem_Main.csproj", "{EAB6933B-AF91-4310-B060-8A089F92B2E8}"
EndProject
Global
	GlobalSection(SolutionConfigurationPlatforms) = preSolution
		Debug|Any CPU = Debug|Any CPU
		Release|Any CPU = Release|Any CPU
	EndGlobalSection
	GlobalSection(ProjectConfigurationPlatforms) = postSolution
		{EAB6933B-AF91-4310-B060-8A089F92B2E8}.Debug|Any CPU.ActiveCfg = Debug|Any CPU
		{EAB6933B-AF91-4310-B060-8A089F92B2E8}.Debug|Any CPU.Build.0 = Debug|Any CPU
		{EAB6933B-AF91-4310-B060-8A089F92B2E8}.Release|Any CPU.ActiveCfg = Release|Any CPU
		{EAB6933B-AF91-4310-B060-8A089F92B2E8}.Release|Any CPU.Build.0 = Release|Any CPU
	EndGlobalSection
	GlobalSection(SolutionProperties) = preSolution
		HideSolutionNode = FALSE
	EndGlobalSection
	GlobalSection(ExtensibilityGlobals) = postSolution
		SolutionGuid = {F1B0AA8C-3905-43BC-A6F3-5CA13D9C7FFB}
	EndGlobalSection
EndGlobal
